
Microsoft Visual Studio Solution File, Format Version 12.00
# Visual Studio Version 17
VisualStudioVersion = 17.11.35327.3
MinimumVisualStudioVersion = 10.0.40219.1
Project("{FAE04EC0-301F-11D3-BF4B-00C04F79EFBC}") = "Modul9Unite1", "Modul9Unite1\Modul9Unite1.csproj", "{B1A583B7-F99A-4B82-83AE-33C9B7F9D0D8}"
EndProject
Global
	GlobalSection(SolutionConfigurationPlatforms) = preSolution
		Debug|Any CPU = Debug|Any CPU
		Release|Any CPU = Release|Any CPU
	EndGlobalSection
	GlobalSection(ProjectConfigurationPlatforms) = postSolution
		{B1A583B7-F99A-4B82-83AE-33C9B7F9D0D8}.Debug|Any CPU.ActiveCfg = Debug|Any CPU
		{B1A583B7-F99A-4B82-83AE-33C9B7F9D0D8}.Debug|Any CPU.Build.0 = Debug|Any CPU
		{B1A583B7-F99A-4B82-83AE-33C9B7F9D0D8}.Release|Any CPU.ActiveCfg = Release|Any CPU
		{B1A583B7-F99A-4B82-83AE-33C9B7F9D0D8}.Release|Any CPU.Build.0 = Release|Any CPU
	EndGlobalSection
	GlobalSection(SolutionProperties) = preSolution
		HideSolutionNode = FALSE
	EndGlobalSection
	GlobalSection(ExtensibilityGlobals) = postSolution
		SolutionGuid = {F6EF8A83-067E-4E0E-A5B3-54A18359489A}
	EndGlobalSection
EndGlobal
