
Microsoft Visual Studio Solution File, Format Version 12.00
# Visual Studio Version 17
VisualStudioVersion = 17.11.35327.3
MinimumVisualStudioVersion = 10.0.40219.1
Project("{FAE04EC0-301F-11D3-BF4B-00C04F79EFBC}") = "Modul7Unite1", "Modul7Unite1\Modul7Unite1.csproj", "{5D1658A7-47CB-4A80-AFE9-1C16FA310F13}"
EndProject
Global
	GlobalSection(SolutionConfigurationPlatforms) = preSolution
		Debug|Any CPU = Debug|Any CPU
		Release|Any CPU = Release|Any CPU
	EndGlobalSection
	GlobalSection(ProjectConfigurationPlatforms) = postSolution
		{5D1658A7-47CB-4A80-AFE9-1C16FA310F13}.Debug|Any CPU.ActiveCfg = Debug|Any CPU
		{5D1658A7-47CB-4A80-AFE9-1C16FA310F13}.Debug|Any CPU.Build.0 = Debug|Any CPU
		{5D1658A7-47CB-4A80-AFE9-1C16FA310F13}.Release|Any CPU.ActiveCfg = Release|Any CPU
		{5D1658A7-47CB-4A80-AFE9-1C16FA310F13}.Release|Any CPU.Build.0 = Release|Any CPU
	EndGlobalSection
	GlobalSection(SolutionProperties) = preSolution
		HideSolutionNode = FALSE
	EndGlobalSection
	GlobalSection(ExtensibilityGlobals) = postSolution
		SolutionGuid = {487E2F6D-414C-4AE4-8479-EA692A0A33BA}
	EndGlobalSection
EndGlobal
